
Microsoft Visual Studio Solution File, Format Version 12.00
# Visual Studio 15
VisualStudioVersion = 15.0.28307.1000
MinimumVisualStudioVersion = 10.0.40219.1
Project("{FAE04EC0-301F-11D3-BF4B-00C04F79EFBC}") = "projectfinal", "projectfinal\projectfinal.csproj", "{3F4D13EE-47DB-41AA-9EFA-8CD540C8AA7B}"
EndProject
Global
	GlobalSection(SolutionConfigurationPlatforms) = preSolution
		Debug|Any CPU = Debug|Any CPU
		Release|Any CPU = Release|Any CPU
	EndGlobalSection
	GlobalSection(ProjectConfigurationPlatforms) = postSolution
		{3F4D13EE-47DB-41AA-9EFA-8CD540C8AA7B}.Debug|Any CPU.ActiveCfg = Debug|Any CPU
		{3F4D13EE-47DB-41AA-9EFA-8CD540C8AA7B}.Debug|Any CPU.Build.0 = Debug|Any CPU
		{3F4D13EE-47DB-41AA-9EFA-8CD540C8AA7B}.Release|Any CPU.ActiveCfg = Release|Any CPU
		{3F4D13EE-47DB-41AA-9EFA-8CD540C8AA7B}.Release|Any CPU.Build.0 = Release|Any CPU
	EndGlobalSection
	GlobalSection(SolutionProperties) = preSolution
		HideSolutionNode = FALSE
	EndGlobalSection
	GlobalSection(ExtensibilityGlobals) = postSolution
		SolutionGuid = {EB39C391-F4E3-47C2-B9B1-8B85E90E96FA}
	EndGlobalSection
EndGlobal
